// !$*UTF8*$!
{
	archiveVersion = 1;
	classes = {
	};
	objectVersion = 46;
	objects = {

/* Begin PBXBuildFile section */
		4404C7A41C4DDC0C0012486A /* main.m in Sources */ = {isa = PBXBuildFile; fileRef = 4404C7A31C4DDC0C0012486A /* main.m */; };
		4404C7A71C4DDC0C0012486A /* AppDelegate.m in Sources */ = {isa = PBXBuildFile; fileRef = 4404C7A61C4DDC0C0012486A /* AppDelegate.m */; };
		4404C7AD1C4DDC0C0012486A /* Main.storyboard in Resources */ = {isa = PBXBuildFile; fileRef = 4404C7AB1C4DDC0C0012486A /* Main.storyboard */; };
		4404C7AF1C4DDC0C0012486A /* Assets.xcassets in Resources */ = {isa = PBXBuildFile; fileRef = 4404C7AE1C4DDC0C0012486A /* Assets.xcassets */; };
		4404C7B21C4DDC0C0012486A /* LaunchScreen.storyboard in Resources */ = {isa = PBXBuildFile; fileRef = 4404C7B01C4DDC0C0012486A /* LaunchScreen.storyboard */; };
		4404C7BB1C4DE2690012486A /* Item1FirstViewController.m in Sources */ = {isa = PBXBuildFile; fileRef = 4404C7BA1C4DE2690012486A /* Item1FirstViewController.m */; };
		4404C7BE1C4DE27E0012486A /* Item1SecondViewController.m in Sources */ = {isa = PBXBuildFile; fileRef = 4404C7BD1C4DE27E0012486A /* Item1SecondViewController.m */; };
		4404C7C11C4DE28A0012486A /* Item2FirstViewController.m in Sources */ = {isa = PBXBuildFile; fileRef = 4404C7C01C4DE28A0012486A /* Item2FirstViewController.m */; };
		4404C7C71C4E038A0012486A /* TabbarViewController.m in Sources */ = {isa = PBXBuildFile; fileRef = 4404C7C61C4E038A0012486A /* TabbarViewController.m */; };
		4404C7CA1C4E0CE30012486A /* UIManager.m in Sources */ = {isa = PBXBuildFile; fileRef = 4404C7C91C4E0CE30012486A /* UIManager.m */; };
/* End PBXBuildFile section */

/* Begin PBXFileReference section */
		4404C79F1C4DDC0C0012486A /* TabBarControllerJumpDemo.app */ = {isa = PBXFileReference; explicitFileType = wrapper.application; includeInIndex = 0; path = TabBarControllerJumpDemo.app; sourceTree = BUILT_PRODUCTS_DIR; };
		4404C7A31C4DDC0C0012486A /* main.m */ = {isa = PBXFileReference; lastKnownFileType = sourcecode.c.objc; path = main.m; sourceTree = "<group>"; };
		4404C7A51C4DDC0C0012486A /* AppDelegate.h */ = {isa = PBXFileReference; lastKnownFileType = sourcecode.c.h; path = AppDelegate.h; sourceTree = "<group>"; };
		4404C7A61C4DDC0C0012486A /* AppDelegate.m */ = {isa = PBXFileReference; lastKnownFileType = sourcecode.c.objc; path = AppDelegate.m; sourceTree = "<group>"; };
		4404C7AC1C4DDC0C0012486A /* Base */ = {isa = PBXFileReference; lastKnownFileType = file.storyboard; name = Base; path = Base.lproj/Main.storyboard; sourceTree = "<group>"; };
		4404C7AE1C4DDC0C0012486A /* Assets.xcassets */ = {isa = PBXFileReference; lastKnownFileType = folder.assetcatalog; path = Assets.xcassets; sourceTree = "<group>"; };
		4404C7B11C4DDC0C0012486A /* Base */ = {isa = PBXFileReference; lastKnownFileType = file.storyboard; name = Base; path = Base.lproj/LaunchScreen.storyboard; sourceTree = "<group>"; };
		4404C7B31C4DDC0C0012486A /* Info.plist */ = {isa = PBXFileReference; lastKnownFileType = text.plist.xml; path = Info.plist; sourceTree = "<group>"; };
		4404C7B91C4DE2690012486A /* Item1FirstViewController.h */ = {isa = PBXFileReference; fileEncoding = 4; lastKnownFileType = sourcecode.c.h; path = Item1FirstViewController.h; sourceTree = "<group>"; };
		4404C7BA1C4DE2690012486A /* Item1FirstViewController.m */ = {isa = PBXFileReference; fileEncoding = 4; lastKnownFileType = sourcecode.c.objc; path = Item1FirstViewController.m; sourceTree = "<group>"; };
		4404C7BC1C4DE27E0012486A /* Item1SecondViewController.h */ = {isa = PBXFileReference; fileEncoding = 4; lastKnownFileType = sourcecode.c.h; path = Item1SecondViewController.h; sourceTree = "<group>"; };
		4404C7BD1C4DE27E0012486A /* Item1SecondViewController.m */ = {isa = PBXFileReference; fileEncoding = 4; lastKnownFileType = sourcecode.c.objc; path = Item1SecondViewController.m; sourceTree = "<group>"; };
		4404C7BF1C4DE28A0012486A /* Item2FirstViewController.h */ = {isa = PBXFileReference; fileEncoding = 4; lastKnownFileType = sourcecode.c.h; path = Item2FirstViewController.h; sourceTree = "<group>"; };
		4404C7C01C4DE28A0012486A /* Item2FirstViewController.m */ = {isa = PBXFileReference; fileEncoding = 4; lastKnownFileType = sourcecode.c.objc; path = Item2FirstViewController.m; sourceTree = "<group>"; };
		4404C7C51C4E038A0012486A /* TabbarViewController.h */ = {isa = PBXFileReference; fileEncoding = 4; lastKnownFileType = sourcecode.c.h; path = TabbarViewController.h; sourceTree = "<group>"; };
		4404C7C61C4E038A0012486A /* TabbarViewController.m */ = {isa = PBXFileReference; fileEncoding = 4; lastKnownFileType = sourcecode.c.objc; path = TabbarViewController.m; sourceTree = "<group>"; };
		4404C7C81C4E0CE30012486A /* UIManager.h */ = {isa = PBXFileReference; fileEncoding = 4; lastKnownFileType = sourcecode.c.h; path = UIManager.h; sourceTree = "<group>"; };
		4404C7C91C4E0CE30012486A /* UIManager.m */ = {isa = PBXFileReference; fileEncoding = 4; lastKnownFileType = sourcecode.c.objc; path = UIManager.m; sourceTree = "<group>"; };
/* End PBXFileReference section */

/* Begin PBXFrameworksBuildPhase section */
		4404C79C1C4DDC0C0012486A /* Frameworks */ = {
			isa = PBXFrameworksBuildPhase;
			buildActionMask = 2147483647;
			files = (
			);
			runOnlyForDeploymentPostprocessing = 0;
		};
/* End PBXFrameworksBuildPhase section */

/* Begin PBXGroup section */
		4404C7961C4DDC0C0012486A = {
			isa = PBXGroup;
			children = (
				4404C7A11C4DDC0C0012486A /* TabBarControllerJumpDemo */,
				4404C7A01C4DDC0C0012486A /* Products */,
			);
			sourceTree = "<group>";
		};
		4404C7A01C4DDC0C0012486A /* Products */ = {
			isa = PBXGroup;
			children = (
				4404C79F1C4DDC0C0012486A /* TabBarControllerJumpDemo.app */,
			);
			name = Products;
			sourceTree = "<group>";
		};
		4404C7A11C4DDC0C0012486A /* TabBarControllerJumpDemo */ = {
			isa = PBXGroup;
			children = (
				4404C7A51C4DDC0C0012486A /* AppDelegate.h */,
				4404C7A61C4DDC0C0012486A /* AppDelegate.m */,
				4404C7C81C4E0CE30012486A /* UIManager.h */,
				4404C7C91C4E0CE30012486A /* UIManager.m */,
				4404C7C51C4E038A0012486A /* TabbarViewController.h */,
				4404C7C61C4E038A0012486A /* TabbarViewController.m */,
				4404C7B91C4DE2690012486A /* Item1FirstViewController.h */,
				4404C7BA1C4DE2690012486A /* Item1FirstViewController.m */,
				4404C7BC1C4DE27E0012486A /* Item1SecondViewController.h */,
				4404C7BD1C4DE27E0012486A /* Item1SecondViewController.m */,
				4404C7BF1C4DE28A0012486A /* Item2FirstViewController.h */,
				4404C7C01C4DE28A0012486A /* Item2FirstViewController.m */,
				4404C7AB1C4DDC0C0012486A /* Main.storyboard */,
				4404C7AE1C4DDC0C0012486A /* Assets.xcassets */,
				4404C7B01C4DDC0C0012486A /* LaunchScreen.storyboard */,
				4404C7B31C4DDC0C0012486A /* Info.plist */,
				4404C7A21C4DDC0C0012486A /* Supporting Files */,
			);
			path = TabBarControllerJumpDemo;
			sourceTree = "<group>";
		};
		4404C7A21C4DDC0C0012486A /* Supporting Files */ = {
			isa = PBXGroup;
			children = (
				4404C7A31C4DDC0C0012486A /* main.m */,
			);
			name = "Supporting Files";
			sourceTree = "<group>";
		};
/* End PBXGroup section */

/* Begin PBXNativeTarget section */
		4404C79E1C4DDC0C0012486A /* TabBarControllerJumpDemo */ = {
			isa = PBXNativeTarget;
			buildConfigurationList = 4404C7B61C4DDC0C0012486A /* Build configuration list for PBXNativeTarget "TabBarControllerJumpDemo" */;
			buildPhases = (
				4404C79B1C4DDC0C0012486A /* Sources */,
				4404C79C1C4DDC0C0012486A /* Frameworks */,
				4404C79D1C4DDC0C0012486A /* Resources */,
			);
			buildRules = (
			);
			dependencies = (
			);
			name = TabBarControllerJumpDemo;
			productName = TabBarControllerJumpDemo;
			productReference = 4404C79F1C4DDC0C0012486A /* TabBarControllerJumpDemo.app */;
			productType = "com.apple.product-type.application";
		};
/* End PBXNativeTarget section */

/* Begin PBXProject section */
		4404C7971C4DDC0C0012486A /* Project object */ = {
			isa = PBXProject;
			attributes = {
				LastUpgradeCheck = 0720;
				ORGANIZATIONNAME = "L&G";
				TargetAttributes = {
					4404C79E1C4DDC0C0012486A = {
						CreatedOnToolsVersion = 7.2;
						DevelopmentTeam = 73L7TQ7493;
					};
				};
			};
			buildConfigurationList = 4404C79A1C4DDC0C0012486A /* Build configuration list for PBXProject "TabBarControllerJumpDemo" */;
			compatibilityVersion = "Xcode 3.2";
			developmentRegion = English;
			hasScannedForEncodings = 0;
			knownRegions = (
				en,
				Base,
			);
			mainGroup = 4404C7961C4DDC0C0012486A;
			productRefGroup = 4404C7A01C4DDC0C0012486A /* Products */;
			projectDirPath = "";
			projectRoot = "";
			targets = (
				4404C79E1C4DDC0C0012486A /* TabBarControllerJumpDemo */,
			);
		};
/* End PBXProject section */

/* Begin PBXResourcesBuildPhase section */
		4404C79D1C4DDC0C0012486A /* Resources */ = {
			isa = PBXResourcesBuildPhase;
			buildActionMask = 2147483647;
			files = (
				4404C7B21C4DDC0C0012486A /* LaunchScreen.storyboard in Resources */,
				4404C7AF1C4DDC0C0012486A /* Assets.xcassets in Resources */,
				4404C7AD1C4DDC0C0012486A /* Main.storyboard in Resources */,
			);
			runOnlyForDeploymentPostprocessing = 0;
		};
/* End PBXResourcesBuildPhase section */

/* Begin PBXSourcesBuildPhase section */
		4404C79B1C4DDC0C0012486A /* Sources */ = {
			isa = PBXSourcesBuildPhase;
			buildActionMask = 2147483647;
			files = (
				4404C7BB1C4DE2690012486A /* Item1FirstViewController.m in Sources */,
				4404C7A71C4DDC0C0012486A /* AppDelegate.m in Sources */,
				4404C7C71C4E038A0012486A /* TabbarViewController.m in Sources */,
				4404C7CA1C4E0CE30012486A /* UIManager.m in Sources */,
				4404C7BE1C4DE27E0012486A /* Item1SecondViewController.m in Sources */,
				4404C7A41C4DDC0C0012486A /* main.m in Sources */,
				4404C7C11C4DE28A0012486A /* Item2FirstViewController.m in Sources */,
			);
			runOnlyForDeploymentPostprocessing = 0;
		};
/* End PBXSourcesBuildPhase section */

/* Begin PBXVariantGroup section */
		4404C7AB1C4DDC0C0012486A /* Main.storyboard */ = {
			isa = PBXVariantGroup;
			children = (
				4404C7AC1C4DDC0C0012486A /* Base */,
			);
			name = Main.storyboard;
			sourceTree = "<group>";
		};
		4404C7B01C4DDC0C0012486A /* LaunchScreen.storyboard */ = {
			isa = PBXVariantGroup;
			children = (
				4404C7B11C4DDC0C0012486A /* Base */,
			);
			name = LaunchScreen.storyboard;
			sourceTree = "<group>";
		};
/* End PBXVariantGroup section */

/* Begin XCBuildConfiguration section */
		4404C7B41C4DDC0C0012486A /* Debug */ = {
			isa = XCBuildConfiguration;
			buildSettings = {
				ALWAYS_SEARCH_USER_PATHS = NO;
				CLANG_CXX_LANGUAGE_STANDARD = "gnu++0x";
				CLANG_CXX_LIBRARY = "libc++";
				CLANG_ENABLE_MODULES = YES;
				CLANG_ENABLE_OBJC_ARC = YES;
				CLANG_WARN_BOOL_CONVERSION = YES;
				CLANG_WARN_CONSTANT_CONVERSION = YES;
				CLANG_WARN_DIRECT_OBJC_ISA_USAGE = YES_ERROR;
				CLANG_WARN_EMPTY_BODY = YES;
				CLANG_WARN_ENUM_CONVERSION = YES;
				CLANG_WARN_INT_CONVERSION = YES;
				CLANG_WARN_OBJC_ROOT_CLASS = YES_ERROR;
				CLANG_WARN_UNREACHABLE_CODE = YES;
				CLANG_WARN__DUPLICATE_METHOD_MATCH = YES;
				"CODE_SIGN_IDENTITY[sdk=iphoneos*]" = "iPhone Developer";
				COPY_PHASE_STRIP = NO;
				DEBUG_INFORMATION_FORMAT = dwarf;
				ENABLE_STRICT_OBJC_MSGSEND = YES;
				ENABLE_TESTABILITY = YES;
				GCC_C_LANGUAGE_STANDARD = gnu99;
				GCC_DYNAMIC_NO_PIC = NO;
				GCC_NO_COMMON_BLOCKS = YES;
				GCC_OPTIMIZATION_LEVEL = 0;
				GCC_PREPROCESSOR_DEFINITIONS = (
					"DEBUG=1",
					"$(inherited)",
				);
				GCC_WARN_64_TO_32_BIT_CONVERSION = YES;
				GCC_WARN_ABOUT_RETURN_TYPE = YES_ERROR;
				GCC_WARN_UNDECLARED_SELECTOR = YES;
				GCC_WARN_UNINITIALIZED_AUTOS = YES_AGGRESSIVE;
				GCC_WARN_UNUSED_FUNCTION = YES;
				GCC_WARN_UNUSED_VARIABLE = YES;
				IPHONEOS_DEPLOYMENT_TARGET = 9.2;
				MTL_ENABLE_DEBUG_INFO = YES;
				ONLY_ACTIVE_ARCH = YES;
				SDKROOT = iphoneos;
			};
			name = Debug;
		};
		4404C7B51C4DDC0C0012486A /* Release */ = {
			isa = XCBuildConfiguration;
			buildSettings = {
				ALWAYS_SEARCH_USER_PATHS = NO;
				CLANG_CXX_LANGUAGE_STANDARD = "gnu++0x";
				CLANG_CXX_LIBRARY = "libc++";
				CLANG_ENABLE_MODULES = YES;
				CLANG_ENABLE_OBJC_ARC = YES;
				CLANG_WARN_BOOL_CONVERSION = YES;
				CLANG_WARN_CONSTANT_CONVERSION = YES;
				CLANG_WARN_DIRECT_OBJC_ISA_USAGE = YES_ERROR;
				CLANG_WARN_EMPTY_BODY = YES;
				CLANG_WARN_ENUM_CONVERSION = YES;
				CLANG_WARN_INT_CONVERSION = YES;
				CLANG_WARN_OBJC_ROOT_CLASS = YES_ERROR;
				CLANG_WARN_UNREACHABLE_CODE = YES;
				CLANG_WARN__DUPLICATE_METHOD_MATCH = YES;
				"CODE_SIGN_IDENTITY[sdk=iphoneos*]" = "iPhone Developer";
				COPY_PHASE_STRIP = NO;
				DEBUG_INFORMATION_FORMAT = "dwarf-with-dsym";
				ENABLE_NS_ASSERTIONS = NO;
				ENABLE_STRICT_OBJC_MSGSEND = YES;
				GCC_C_LANGUAGE_STANDARD = gnu99;
				GCC_NO_COMMON_BLOCKS = YES;
				GCC_WARN_64_TO_32_BIT_CONVERSION = YES;
				GCC_WARN_ABOUT_RETURN_TYPE = YES_ERROR;
				GCC_WARN_UNDECLARED_SELECTOR = YES;
				GCC_WARN_UNINITIALIZED_AUTOS = YES_AGGRESSIVE;
				GCC_WARN_UNUSED_FUNCTION = YES;
				GCC_WARN_UNUSED_VARIABLE = YES;
				IPHONEOS_DEPLOYMENT_TARGET = 9.2;
				MTL_ENABLE_DEBUG_INFO = NO;
				SDKROOT = iphoneos;
				VALIDATE_PRODUCT = YES;
			};
			name = Release;
		};
		4404C7B71C4DDC0C0012486A /* Debug */ = {
			isa = XCBuildConfiguration;
			buildSettings = {
				ASSETCATALOG_COMPILER_APPICON_NAME = AppIcon;
				INFOPLIST_FILE = TabBarControllerJumpDemo/Info.plist;
				LD_RUNPATH_SEARCH_PATHS = "$(inherited) @executable_path/Frameworks";
				PRODUCT_BUNDLE_IDENTIFIER = MaxWell.TabBarControllerJumpDemo;
				PRODUCT_NAME = "$(TARGET_NAME)";
			};
			name = Debug;
		};
		4404C7B81C4DDC0C0012486A /* Release */ = {
			isa = XCBuildConfiguration;
			buildSettings = {
				ASSETCATALOG_COMPILER_APPICON_NAME = AppIcon;
				INFOPLIST_FILE = TabBarControllerJumpDemo/Info.plist;
				LD_RUNPATH_SEARCH_PATHS = "$(inherited) @executable_path/Frameworks";
				PRODUCT_BUNDLE_IDENTIFIER = MaxWell.TabBarControllerJumpDemo;
				PRODUCT_NAME = "$(TARGET_NAME)";
			};
			name = Release;
		};
/* End XCBuildConfiguration section */

/* Begin XCConfigurationList section */
		4404C79A1C4DDC0C0012486A /* Build configuration list for PBXProject "TabBarControllerJumpDemo" */ = {
			isa = XCConfigurationList;
			buildConfigurations = (
				4404C7B41C4DDC0C0012486A /* Debug */,
				4404C7B51C4DDC0C0012486A /* Release */,
			);
			defaultConfigurationIsVisible = 0;
			defaultConfigurationName = Release;
		};
		4404C7B61C4DDC0C0012486A /* Build configuration list for PBXNativeTarget "TabBarControllerJumpDemo" */ = {
			isa = XCConfigurationList;
			buildConfigurations = (
				4404C7B71C4DDC0C0012486A /* Debug */,
				4404C7B81C4DDC0C0012486A /* Release */,
			);
			defaultConfigurationIsVisible = 0;
		};
/* End XCConfigurationList section */
	};
	rootObject = 4404C7971C4DDC0C0012486A /* Project object */;
}
